
Microsoft Visual Studio Solution File, Format Version 12.00
# Visual Studio 15
VisualStudioVersion = 15.0.26430.13
MinimumVisualStudioVersion = 10.0.40219.1
Project("{FAE04EC0-301F-11D3-BF4B-00C04F79EFBC}") = "RadioButtonDemo", "RadioButtonDemo\RadioButtonDemo.csproj", "{385954B8-4BB0-4110-BDB6-6DC3E4D6E4EB}"
EndProject
Global
	GlobalSection(SolutionConfigurationPlatforms) = preSolution
		Debug|Any CPU = Debug|Any CPU
		Release|Any CPU = Release|Any CPU
	EndGlobalSection
	GlobalSection(ProjectConfigurationPlatforms) = postSolution
		{385954B8-4BB0-4110-BDB6-6DC3E4D6E4EB}.Debug|Any CPU.ActiveCfg = Debug|Any CPU
		{385954B8-4BB0-4110-BDB6-6DC3E4D6E4EB}.Debug|Any CPU.Build.0 = Debug|Any CPU
		{385954B8-4BB0-4110-BDB6-6DC3E4D6E4EB}.Debug|Any CPU.Deploy.0 = Debug|Any CPU
		{385954B8-4BB0-4110-BDB6-6DC3E4D6E4EB}.Release|Any CPU.ActiveCfg = Release|Any CPU
		{385954B8-4BB0-4110-BDB6-6DC3E4D6E4EB}.Release|Any CPU.Build.0 = Release|Any CPU
		{385954B8-4BB0-4110-BDB6-6DC3E4D6E4EB}.Release|Any CPU.Deploy.0 = Release|Any CPU
	EndGlobalSection
	GlobalSection(SolutionProperties) = preSolution
		HideSolutionNode = FALSE
	EndGlobalSection
EndGlobal
